
Microsoft Visual Studio Solution File, Format Version 12.00
# Visual Studio Version 17
VisualStudioVersion = 17.11.35222.181
MinimumVisualStudioVersion = 10.0.40219.1
Project("{FAE04EC0-301F-11D3-BF4B-00C04F79EFBC}") = "WebApplicationKarim", "WebApplicationKarim\WebApplicationKarim.csproj", "{C767A96A-8FA7-4CEB-89FC-BD9E9CA4D9DD}"
EndProject
Global
	GlobalSection(SolutionConfigurationPlatforms) = preSolution
		Debug|Any CPU = Debug|Any CPU
		Release|Any CPU = Release|Any CPU
	EndGlobalSection
	GlobalSection(ProjectConfigurationPlatforms) = postSolution
		{C767A96A-8FA7-4CEB-89FC-BD9E9CA4D9DD}.Debug|Any CPU.ActiveCfg = Debug|Any CPU
		{C767A96A-8FA7-4CEB-89FC-BD9E9CA4D9DD}.Debug|Any CPU.Build.0 = Debug|Any CPU
		{C767A96A-8FA7-4CEB-89FC-BD9E9CA4D9DD}.Release|Any CPU.ActiveCfg = Release|Any CPU
		{C767A96A-8FA7-4CEB-89FC-BD9E9CA4D9DD}.Release|Any CPU.Build.0 = Release|Any CPU
	EndGlobalSection
	GlobalSection(SolutionProperties) = preSolution
		HideSolutionNode = FALSE
	EndGlobalSection
	GlobalSection(ExtensibilityGlobals) = postSolution
		SolutionGuid = {0DF5DD12-BA6C-43AA-AE34-A7AD288D2C57}
	EndGlobalSection
EndGlobal
